// !$*UTF8*$!
{
	archiveVersion = 1;
	classes = {
	};
	objectVersion = 50;
	objects = {

/* Begin PBXBuildFile section */
		0623A88C2101BCF9000BF70E /* AppDelegate.swift in Sources */ = {isa = PBXBuildFile; fileRef = 0623A88B2101BCF9000BF70E /* AppDelegate.swift */; };
		0623A88E2101BCF9000BF70E /* ViewController.swift in Sources */ = {isa = PBXBuildFile; fileRef = 0623A88D2101BCF9000BF70E /* ViewController.swift */; };
		0623A8912101BCF9000BF70E /* Main.storyboard in Resources */ = {isa = PBXBuildFile; fileRef = 0623A88F2101BCF9000BF70E /* Main.storyboard */; };
		0623A8932101BCFA000BF70E /* Assets.xcassets in Resources */ = {isa = PBXBuildFile; fileRef = 0623A8922101BCFA000BF70E /* Assets.xcassets */; };
		0623A8962101BCFA000BF70E /* LaunchScreen.storyboard in Resources */ = {isa = PBXBuildFile; fileRef = 0623A8942101BCFA000BF70E /* LaunchScreen.storyboard */; };
		0623A89E2101BD85000BF70E /* SettingsView.swift in Sources */ = {isa = PBXBuildFile; fileRef = 0623A89D2101BD85000BF70E /* SettingsView.swift */; };
/* End PBXBuildFile section */

/* Begin PBXFileReference section */
		0623A8882101BCF9000BF70E /* ModalViewPopUpExample.app */ = {isa = PBXFileReference; explicitFileType = wrapper.application; includeInIndex = 0; path = ModalViewPopUpExample.app; sourceTree = BUILT_PRODUCTS_DIR; };
		0623A88B2101BCF9000BF70E /* AppDelegate.swift */ = {isa = PBXFileReference; lastKnownFileType = sourcecode.swift; path = AppDelegate.swift; sourceTree = "<group>"; };
		0623A88D2101BCF9000BF70E /* ViewController.swift */ = {isa = PBXFileReference; lastKnownFileType = sourcecode.swift; path = ViewController.swift; sourceTree = "<group>"; };
		0623A8902101BCF9000BF70E /* Base */ = {isa = PBXFileReference; lastKnownFileType = file.storyboard; name = Base; path = Base.lproj/Main.storyboard; sourceTree = "<group>"; };
		0623A8922101BCFA000BF70E /* Assets.xcassets */ = {isa = PBXFileReference; lastKnownFileType = folder.assetcatalog; path = Assets.xcassets; sourceTree = "<group>"; };
		0623A8952101BCFA000BF70E /* Base */ = {isa = PBXFileReference; lastKnownFileType = file.storyboard; name = Base; path = Base.lproj/LaunchScreen.storyboard; sourceTree = "<group>"; };
		0623A8972101BCFA000BF70E /* Info.plist */ = {isa = PBXFileReference; lastKnownFileType = text.plist.xml; path = Info.plist; sourceTree = "<group>"; };
		0623A89D2101BD85000BF70E /* SettingsView.swift */ = {isa = PBXFileReference; fileEncoding = 4; lastKnownFileType = sourcecode.swift; path = SettingsView.swift; sourceTree = "<group>"; };
/* End PBXFileReference section */

/* Begin PBXFrameworksBuildPhase section */
		0623A8852101BCF9000BF70E /* Frameworks */ = {
			isa = PBXFrameworksBuildPhase;
			buildActionMask = 2147483647;
			files = (
			);
			runOnlyForDeploymentPostprocessing = 0;
		};
/* End PBXFrameworksBuildPhase section */

/* Begin PBXGroup section */
		0623A87F2101BCF9000BF70E = {
			isa = PBXGroup;
			children = (
				0623A88A2101BCF9000BF70E /* ModalViewPopUpExample */,
				0623A8892101BCF9000BF70E /* Products */,
			);
			sourceTree = "<group>";
		};
		0623A8892101BCF9000BF70E /* Products */ = {
			isa = PBXGroup;
			children = (
				0623A8882101BCF9000BF70E /* ModalViewPopUpExample.app */,
			);
			name = Products;
			sourceTree = "<group>";
		};
		0623A88A2101BCF9000BF70E /* ModalViewPopUpExample */ = {
			isa = PBXGroup;
			children = (
				0623A88B2101BCF9000BF70E /* AppDelegate.swift */,
				0623A88D2101BCF9000BF70E /* ViewController.swift */,
				0623A89D2101BD85000BF70E /* SettingsView.swift */,
				0623A88F2101BCF9000BF70E /* Main.storyboard */,
				0623A8922101BCFA000BF70E /* Assets.xcassets */,
				0623A8942101BCFA000BF70E /* LaunchScreen.storyboard */,
				0623A8972101BCFA000BF70E /* Info.plist */,
			);
			path = ModalViewPopUpExample;
			sourceTree = "<group>";
		};
/* End PBXGroup section */

/* Begin PBXNativeTarget section */
		0623A8872101BCF9000BF70E /* ModalViewPopUpExample */ = {
			isa = PBXNativeTarget;
			buildConfigurationList = 0623A89A2101BCFA000BF70E /* Build configuration list for PBXNativeTarget "ModalViewPopUpExample" */;
			buildPhases = (
				0623A8842101BCF9000BF70E /* Sources */,
				0623A8852101BCF9000BF70E /* Frameworks */,
				0623A8862101BCF9000BF70E /* Resources */,
			);
			buildRules = (
			);
			dependencies = (
			);
			name = ModalViewPopUpExample;
			productName = ModalViewPopUpExample;
			productReference = 0623A8882101BCF9000BF70E /* ModalViewPopUpExample.app */;
			productType = "com.apple.product-type.application";
		};
/* End PBXNativeTarget section */

/* Begin PBXProject section */
		0623A8802101BCF9000BF70E /* Project object */ = {
			isa = PBXProject;
			attributes = {
				LastSwiftUpdateCheck = 0940;
				LastUpgradeCheck = 0940;
				ORGANIZATIONNAME = "Ladybird Web Solution Pvt Ltd.";
				TargetAttributes = {
					0623A8872101BCF9000BF70E = {
						CreatedOnToolsVersion = 9.4.1;
					};
				};
			};
			buildConfigurationList = 0623A8832101BCF9000BF70E /* Build configuration list for PBXProject "ModalViewPopUpExample" */;
			compatibilityVersion = "Xcode 9.3";
			developmentRegion = en;
			hasScannedForEncodings = 0;
			knownRegions = (
				en,
				Base,
			);
			mainGroup = 0623A87F2101BCF9000BF70E;
			productRefGroup = 0623A8892101BCF9000BF70E /* Products */;
			projectDirPath = "";
			projectRoot = "";
			targets = (
				0623A8872101BCF9000BF70E /* ModalViewPopUpExample */,
			);
		};
/* End PBXProject section */

/* Begin PBXResourcesBuildPhase section */
		0623A8862101BCF9000BF70E /* Resources */ = {
			isa = PBXResourcesBuildPhase;
			buildActionMask = 2147483647;
			files = (
				0623A8962101BCFA000BF70E /* LaunchScreen.storyboard in Resources */,
				0623A8932101BCFA000BF70E /* Assets.xcassets in Resources */,
				0623A8912101BCF9000BF70E /* Main.storyboard in Resources */,
			);
			runOnlyForDeploymentPostprocessing = 0;
		};
/* End PBXResourcesBuildPhase section */

/* Begin PBXSourcesBuildPhase section */
		0623A8842101BCF9000BF70E /* Sources */ = {
			isa = PBXSourcesBuildPhase;
			buildActionMask = 2147483647;
			files = (
				0623A89E2101BD85000BF70E /* SettingsView.swift in Sources */,
				0623A88E2101BCF9000BF70E /* ViewController.swift in Sources */,
				0623A88C2101BCF9000BF70E /* AppDelegate.swift in Sources */,
			);
			runOnlyForDeploymentPostprocessing = 0;
		};
/* End PBXSourcesBuildPhase section */

/* Begin PBXVariantGroup section */
		0623A88F2101BCF9000BF70E /* Main.storyboard */ = {
			isa = PBXVariantGroup;
			children = (
				0623A8902101BCF9000BF70E /* Base */,
			);
			name = Main.storyboard;
			sourceTree = "<group>";
		};
		0623A8942101BCFA000BF70E /* LaunchScreen.storyboard */ = {
			isa = PBXVariantGroup;
			children = (
				0623A8952101BCFA000BF70E /* Base */,
			);
			name = LaunchScreen.storyboard;
			sourceTree = "<group>";
		};
/* End PBXVariantGroup section */

/* Begin XCBuildConfiguration section */
		0623A8982101BCFA000BF70E /* Debug */ = {
			isa = XCBuildConfiguration;
			buildSettings = {
				ALWAYS_SEARCH_USER_PATHS = NO;
				CLANG_ANALYZER_NONNULL = YES;
				CLANG_ANALYZER_NUMBER_OBJECT_CONVERSION = YES_AGGRESSIVE;
				CLANG_CXX_LANGUAGE_STANDARD = "gnu++14";
				CLANG_CXX_LIBRARY = "libc++";
				CLANG_ENABLE_MODULES = YES;
				CLANG_ENABLE_OBJC_ARC = YES;
				CLANG_ENABLE_OBJC_WEAK = YES;
				CLANG_WARN_BLOCK_CAPTURE_AUTORELEASING = YES;
				CLANG_WARN_BOOL_CONVERSION = YES;
				CLANG_WARN_COMMA = YES;
				CLANG_WARN_CONSTANT_CONVERSION = YES;
				CLANG_WARN_DEPRECATED_OBJC_IMPLEMENTATIONS = YES;
				CLANG_WARN_DIRECT_OBJC_ISA_USAGE = YES_ERROR;
				CLANG_WARN_DOCUMENTATION_COMMENTS = YES;
				CLANG_WARN_EMPTY_BODY = YES;
				CLANG_WARN_ENUM_CONVERSION = YES;
				CLANG_WARN_INFINITE_RECURSION = YES;
				CLANG_WARN_INT_CONVERSION = YES;
				CLANG_WARN_NON_LITERAL_NULL_CONVERSION = YES;
				CLANG_WARN_OBJC_IMPLICIT_RETAIN_SELF = YES;
				CLANG_WARN_OBJC_LITERAL_CONVERSION = YES;
				CLANG_WARN_OBJC_ROOT_CLASS = YES_ERROR;
				CLANG_WARN_RANGE_LOOP_ANALYSIS = YES;
				CLANG_WARN_STRICT_PROTOTYPES = YES;
				CLANG_WARN_SUSPICIOUS_MOVE = YES;
				CLANG_WARN_UNGUARDED_AVAILABILITY = YES_AGGRESSIVE;
				CLANG_WARN_UNREACHABLE_CODE = YES;
				CLANG_WARN__DUPLICATE_METHOD_MATCH = YES;
				CODE_SIGN_IDENTITY = "iPhone Developer";
				COPY_PHASE_STRIP = NO;
				DEBUG_INFORMATION_FORMAT = dwarf;
				ENABLE_STRICT_OBJC_MSGSEND = YES;
				ENABLE_TESTABILITY = YES;
				GCC_C_LANGUAGE_STANDARD = gnu11;
				GCC_DYNAMIC_NO_PIC = NO;
				GCC_NO_COMMON_BLOCKS = YES;
				GCC_OPTIMIZATION_LEVEL = 0;
				GCC_PREPROCESSOR_DEFINITIONS = (
					"DEBUG=1",
					"$(inherited)",
				);
				GCC_WARN_64_TO_32_BIT_CONVERSION = YES;
				GCC_WARN_ABOUT_RETURN_TYPE = YES_ERROR;
				GCC_WARN_UNDECLARED_SELECTOR = YES;
				GCC_WARN_UNINITIALIZED_AUTOS = YES_AGGRESSIVE;
				GCC_WARN_UNUSED_FUNCTION = YES;
				GCC_WARN_UNUSED_VARIABLE = YES;
				IPHONEOS_DEPLOYMENT_TARGET = 11.4;
				MTL_ENABLE_DEBUG_INFO = YES;
				ONLY_ACTIVE_ARCH = YES;
				SDKROOT = iphoneos;
				SWIFT_ACTIVE_COMPILATION_CONDITIONS = DEBUG;
				SWIFT_OPTIMIZATION_LEVEL = "-Onone";
			};
			name = Debug;
		};
		0623A8992101BCFA000BF70E /* Release */ = {
			isa = XCBuildConfiguration;
			buildSettings = {
				ALWAYS_SEARCH_USER_PATHS = NO;
				CLANG_ANALYZER_NONNULL = YES;
				CLANG_ANALYZER_NUMBER_OBJECT_CONVERSION = YES_AGGRESSIVE;
				CLANG_CXX_LANGUAGE_STANDARD = "gnu++14";
				CLANG_CXX_LIBRARY = "libc++";
				CLANG_ENABLE_MODULES = YES;
				CLANG_ENABLE_OBJC_ARC = YES;
				CLANG_ENABLE_OBJC_WEAK = YES;
				CLANG_WARN_BLOCK_CAPTURE_AUTORELEASING = YES;
				CLANG_WARN_BOOL_CONVERSION = YES;
				CLANG_WARN_COMMA = YES;
				CLANG_WARN_CONSTANT_CONVERSION = YES;
				CLANG_WARN_DEPRECATED_OBJC_IMPLEMENTATIONS = YES;
				CLANG_WARN_DIRECT_OBJC_ISA_USAGE = YES_ERROR;
				CLANG_WARN_DOCUMENTATION_COMMENTS = YES;
				CLANG_WARN_EMPTY_BODY = YES;
				CLANG_WARN_ENUM_CONVERSION = YES;
				CLANG_WARN_INFINITE_RECURSION = YES;
				CLANG_WARN_INT_CONVERSION = YES;
				CLANG_WARN_NON_LITERAL_NULL_CONVERSION = YES;
				CLANG_WARN_OBJC_IMPLICIT_RETAIN_SELF = YES;
				CLANG_WARN_OBJC_LITERAL_CONVERSION = YES;
				CLANG_WARN_OBJC_ROOT_CLASS = YES_ERROR;
				CLANG_WARN_RANGE_LOOP_ANALYSIS = YES;
				CLANG_WARN_STRICT_PROTOTYPES = YES;
				CLANG_WARN_SUSPICIOUS_MOVE = YES;
				CLANG_WARN_UNGUARDED_AVAILABILITY = YES_AGGRESSIVE;
				CLANG_WARN_UNREACHABLE_CODE = YES;
				CLANG_WARN__DUPLICATE_METHOD_MATCH = YES;
				CODE_SIGN_IDENTITY = "iPhone Developer";
				COPY_PHASE_STRIP = NO;
				DEBUG_INFORMATION_FORMAT = "dwarf-with-dsym";
				ENABLE_NS_ASSERTIONS = NO;
				ENABLE_STRICT_OBJC_MSGSEND = YES;
				GCC_C_LANGUAGE_STANDARD = gnu11;
				GCC_NO_COMMON_BLOCKS = YES;
				GCC_WARN_64_TO_32_BIT_CONVERSION = YES;
				GCC_WARN_ABOUT_RETURN_TYPE = YES_ERROR;
				GCC_WARN_UNDECLARED_SELECTOR = YES;
				GCC_WARN_UNINITIALIZED_AUTOS = YES_AGGRESSIVE;
				GCC_WARN_UNUSED_FUNCTION = YES;
				GCC_WARN_UNUSED_VARIABLE = YES;
				IPHONEOS_DEPLOYMENT_TARGET = 11.4;
				MTL_ENABLE_DEBUG_INFO = NO;
				SDKROOT = iphoneos;
				SWIFT_COMPILATION_MODE = wholemodule;
				SWIFT_OPTIMIZATION_LEVEL = "-O";
				VALIDATE_PRODUCT = YES;
			};
			name = Release;
		};
		0623A89B2101BCFA000BF70E /* Debug */ = {
			isa = XCBuildConfiguration;
			buildSettings = {
				ASSETCATALOG_COMPILER_APPICON_NAME = AppIcon;
				CODE_SIGN_IDENTITY = "iPhone Developer";
				CODE_SIGN_STYLE = Automatic;
				DEVELOPMENT_TEAM = 9HVHM5PPH2;
				INFOPLIST_FILE = ModalViewPopUpExample/Info.plist;
				LD_RUNPATH_SEARCH_PATHS = (
					"$(inherited)",
					"@executable_path/Frameworks",
				);
				PRODUCT_BUNDLE_IDENTIFIER = ladybirdwebsolution.ModalViewPopUpExample;
				PRODUCT_NAME = "$(TARGET_NAME)";
				PROVISIONING_PROFILE_SPECIFIER = "";
				SWIFT_VERSION = 4.0;
				TARGETED_DEVICE_FAMILY = "1,2";
			};
			name = Debug;
		};
		0623A89C2101BCFA000BF70E /* Release */ = {
			isa = XCBuildConfiguration;
			buildSettings = {
				ASSETCATALOG_COMPILER_APPICON_NAME = AppIcon;
				CODE_SIGN_IDENTITY = "iPhone Developer";
				CODE_SIGN_STYLE = Automatic;
				DEVELOPMENT_TEAM = 9HVHM5PPH2;
				INFOPLIST_FILE = ModalViewPopUpExample/Info.plist;
				LD_RUNPATH_SEARCH_PATHS = (
					"$(inherited)",
					"@executable_path/Frameworks",
				);
				PRODUCT_BUNDLE_IDENTIFIER = ladybirdwebsolution.ModalViewPopUpExample;
				PRODUCT_NAME = "$(TARGET_NAME)";
				PROVISIONING_PROFILE_SPECIFIER = "";
				SWIFT_VERSION = 4.0;
				TARGETED_DEVICE_FAMILY = "1,2";
			};
			name = Release;
		};
/* End XCBuildConfiguration section */

/* Begin XCConfigurationList section */
		0623A8832101BCF9000BF70E /* Build configuration list for PBXProject "ModalViewPopUpExample" */ = {
			isa = XCConfigurationList;
			buildConfigurations = (
				0623A8982101BCFA000BF70E /* Debug */,
				0623A8992101BCFA000BF70E /* Release */,
			);
			defaultConfigurationIsVisible = 0;
			defaultConfigurationName = Release;
		};
		0623A89A2101BCFA000BF70E /* Build configuration list for PBXNativeTarget "ModalViewPopUpExample" */ = {
			isa = XCConfigurationList;
			buildConfigurations = (
				0623A89B2101BCFA000BF70E /* Debug */,
				0623A89C2101BCFA000BF70E /* Release */,
			);
			defaultConfigurationIsVisible = 0;
			defaultConfigurationName = Release;
		};
/* End XCConfigurationList section */
	};
	rootObject = 0623A8802101BCF9000BF70E /* Project object */;
}
